
Microsoft Visual Studio Solution File, Format Version 12.00
# Visual Studio Version 16
VisualStudioVersion = 16.0.30011.22
MinimumVisualStudioVersion = 10.0.40219.1
Project("{FAE04EC0-301F-11D3-BF4B-00C04F79EFBC}") = "SomeAutoclick", "SomeAutoclick.csproj", "{63B4B6D3-4C6C-4E93-95CE-E265AE1054B1}"
EndProject
Global
	GlobalSection(SolutionConfigurationPlatforms) = preSolution
		Debug|Any CPU = Debug|Any CPU
		Release|Any CPU = Release|Any CPU
	EndGlobalSection
	GlobalSection(ProjectConfigurationPlatforms) = postSolution
		{63B4B6D3-4C6C-4E93-95CE-E265AE1054B1}.Debug|Any CPU.ActiveCfg = Debug|Any CPU
		{63B4B6D3-4C6C-4E93-95CE-E265AE1054B1}.Debug|Any CPU.Build.0 = Debug|Any CPU
		{63B4B6D3-4C6C-4E93-95CE-E265AE1054B1}.Release|Any CPU.ActiveCfg = Release|Any CPU
		{63B4B6D3-4C6C-4E93-95CE-E265AE1054B1}.Release|Any CPU.Build.0 = Release|Any CPU
	EndGlobalSection
	GlobalSection(SolutionProperties) = preSolution
		HideSolutionNode = FALSE
	EndGlobalSection
	GlobalSection(ExtensibilityGlobals) = postSolution
		SolutionGuid = {08D8156F-AAF9-48F7-A189-2410E53B7F17}
	EndGlobalSection
EndGlobal
